
Microsoft Visual Studio Solution File, Format Version 12.00
# Visual Studio Version 17
VisualStudioVersion = 17.5.002.0
MinimumVisualStudioVersion = 10.0.40219.1
Project("{9A19103F-16F7-4668-BE54-9A1E7A4F7556}") = "SquishPanels", "SquishPanels.csproj", "{19E9FFC9-72AD-406F-B00A-0C5688B2D90A}"
EndProject
Global
	GlobalSection(SolutionConfigurationPlatforms) = preSolution
		Debug|Any CPU = Debug|Any CPU
		Release|Any CPU = Release|Any CPU
	EndGlobalSection
	GlobalSection(ProjectConfigurationPlatforms) = postSolution
		{19E9FFC9-72AD-406F-B00A-0C5688B2D90A}.Debug|Any CPU.ActiveCfg = Debug|Any CPU
		{19E9FFC9-72AD-406F-B00A-0C5688B2D90A}.Debug|Any CPU.Build.0 = Debug|Any CPU
		{19E9FFC9-72AD-406F-B00A-0C5688B2D90A}.Release|Any CPU.ActiveCfg = Release|Any CPU
		{19E9FFC9-72AD-406F-B00A-0C5688B2D90A}.Release|Any CPU.Build.0 = Release|Any CPU
	EndGlobalSection
	GlobalSection(SolutionProperties) = preSolution
		HideSolutionNode = FALSE
	EndGlobalSection
	GlobalSection(ExtensibilityGlobals) = postSolution
		SolutionGuid = {88CC3D22-D54A-48B8-8273-4FC665F2C423}
	EndGlobalSection
EndGlobal
